Microsoft Visual Studio Solution File, Format Version 12.00
# Visual Studio 16
Project("{8BC9CEB8-8B4A-11D0-8D11-00A0C91BC942}") = "ALL_BUILD", "ALL_BUILD.vcxproj", "{9515440E-2248-3125-A765-16BD203D7AE3}"
	ProjectSection(ProjectDependencies) = postProject
		{1A3B6F45-8BE1-3DF4-AF9A-7A8913C699E0} = {1A3B6F45-8BE1-3DF4-AF9A-7A8913C699E0}
		{D981AB59-7EC3-3458-A12D-58939153C761} = {D981AB59-7EC3-3458-A12D-58939153C761}
	EndProjectSection
EndProject
Project("{8BC9CEB8-8B4A-11D0-8D11-00A0C91BC942}") = "Coldgaze", "src\Coldgaze.vcxproj", "{1A3B6F45-8BE1-3DF4-AF9A-7A8913C699E0}"
	ProjectSection(ProjectDependencies) = postProject
		{D981AB59-7EC3-3458-A12D-58939153C761} = {D981AB59-7EC3-3458-A12D-58939153C761}
	EndProjectSection
EndProject
Project("{8BC9CEB8-8B4A-11D0-8D11-00A0C91BC942}") = "ZERO_CHECK", "ZERO_CHECK.vcxproj", "{D981AB59-7EC3-3458-A12D-58939153C761}"
	ProjectSection(ProjectDependencies) = postProject
	EndProjectSection
EndProject
Global
	GlobalSection(SolutionConfigurationPlatforms) = preSolution
		Debug|x64 = Debug|x64
		Release|x64 = Release|x64
		MinSizeRel|x64 = MinSizeRel|x64
		RelWithDebInfo|x64 = RelWithDebInfo|x64
	EndGlobalSection
	GlobalSection(ProjectConfigurationPlatforms) = postSolution
		{9515440E-2248-3125-A765-16BD203D7AE3}.Debug|x64.ActiveCfg = Debug|x64
		{9515440E-2248-3125-A765-16BD203D7AE3}.Release|x64.ActiveCfg = Release|x64
		{9515440E-2248-3125-A765-16BD203D7AE3}.MinSizeRel|x64.ActiveCfg = MinSizeRel|x64
		{9515440E-2248-3125-A765-16BD203D7AE3}.RelWithDebInfo|x64.ActiveCfg = RelWithDebInfo|x64
		{1A3B6F45-8BE1-3DF4-AF9A-7A8913C699E0}.Debug|x64.ActiveCfg = Debug|x64
		{1A3B6F45-8BE1-3DF4-AF9A-7A8913C699E0}.Debug|x64.Build.0 = Debug|x64
		{1A3B6F45-8BE1-3DF4-AF9A-7A8913C699E0}.Release|x64.ActiveCfg = Release|x64
		{1A3B6F45-8BE1-3DF4-AF9A-7A8913C699E0}.Release|x64.Build.0 = Release|x64
		{1A3B6F45-8BE1-3DF4-AF9A-7A8913C699E0}.MinSizeRel|x64.ActiveCfg = MinSizeRel|x64
		{1A3B6F45-8BE1-3DF4-AF9A-7A8913C699E0}.MinSizeRel|x64.Build.0 = MinSizeRel|x64
		{1A3B6F45-8BE1-3DF4-AF9A-7A8913C699E0}.RelWithDebInfo|x64.ActiveCfg = RelWithDebInfo|x64
		{1A3B6F45-8BE1-3DF4-AF9A-7A8913C699E0}.RelWithDebInfo|x64.Build.0 = RelWithDebInfo|x64
		{D981AB59-7EC3-3458-A12D-58939153C761}.Debug|x64.ActiveCfg = Debug|x64
		{D981AB59-7EC3-3458-A12D-58939153C761}.Debug|x64.Build.0 = Debug|x64
		{D981AB59-7EC3-3458-A12D-58939153C761}.Release|x64.ActiveCfg = Release|x64
		{D981AB59-7EC3-3458-A12D-58939153C761}.Release|x64.Build.0 = Release|x64
		{D981AB59-7EC3-3458-A12D-58939153C761}.MinSizeRel|x64.ActiveCfg = MinSizeRel|x64
		{D981AB59-7EC3-3458-A12D-58939153C761}.MinSizeRel|x64.Build.0 = MinSizeRel|x64
		{D981AB59-7EC3-3458-A12D-58939153C761}.RelWithDebInfo|x64.ActiveCfg = RelWithDebInfo|x64
		{D981AB59-7EC3-3458-A12D-58939153C761}.RelWithDebInfo|x64.Build.0 = RelWithDebInfo|x64
	EndGlobalSection
	GlobalSection(ExtensibilityGlobals) = postSolution
		SolutionGuid = {34BFE489-D83F-3708-BCB3-6C43EC492D29}
	EndGlobalSection
	GlobalSection(ExtensibilityAddIns) = postSolution
	EndGlobalSection
EndGlobal
