Microsoft Visual Studio Solution File, Format Version 12.00
# Visual Studio 16
Project("{2150E333-8FDC-42A3-9474-1A3956D46DE8}") = "CMakePredefinedTargets", "CMakePredefinedTargets", "{7BF9A0BC-C1B4-3638-AFEF-774EE077F627}"
EndProject
Project("{2150E333-8FDC-42A3-9474-1A3956D46DE8}") = "GLFW3", "GLFW3", "{043C65E2-123C-31A9-A271-80A870C65B03}"
EndProject
Project("{2150E333-8FDC-42A3-9474-1A3956D46DE8}") = "Examples", "GLFW3\Examples", "{9D5F650E-06FF-3866-A122-ABBD7C625C56}"
EndProject
Project("{2150E333-8FDC-42A3-9474-1A3956D46DE8}") = "Tests", "GLFW3\Tests", "{4477F4C9-D4C4-3841-BCD4-DF32AA6B4A42}"
EndProject
Project("{8BC9CEB8-8B4A-11D0-8D11-00A0C91BC942}") = "ALL_BUILD", "ALL_BUILD.vcxproj", "{9515440E-2248-3125-A765-16BD203D7AE3}"
	ProjectSection(ProjectDependencies) = postProject
		{1A3B6F45-8BE1-3DF4-AF9A-7A8913C699E0} = {1A3B6F45-8BE1-3DF4-AF9A-7A8913C699E0}
		{D981AB59-7EC3-3458-A12D-58939153C761} = {D981AB59-7EC3-3458-A12D-58939153C761}
		{7F79D249-59D0-3468-AE67-733B9AFB84E2} = {7F79D249-59D0-3468-AE67-733B9AFB84E2}
		{5F088D41-72BA-3D11-AB49-4D12AE869696} = {5F088D41-72BA-3D11-AB49-4D12AE869696}
		{78BB13DE-EDE9-3773-B4A7-AB99B40BFD57} = {78BB13DE-EDE9-3773-B4A7-AB99B40BFD57}
		{E020EBF0-B71C-3AB9-A368-1729B162FD5C} = {E020EBF0-B71C-3AB9-A368-1729B162FD5C}
		{B3C736D3-F439-390C-8D63-A4B179ACF760} = {B3C736D3-F439-390C-8D63-A4B179ACF760}
		{F65A1BB0-944A-3B30-BC71-0A6F1E8CA474} = {F65A1BB0-944A-3B30-BC71-0A6F1E8CA474}
		{1D634E55-6D71-3EA2-83A5-5B88086C4ACF} = {1D634E55-6D71-3EA2-83A5-5B88086C4ACF}
		{AF2A7800-A4A6-3426-BDBB-6970506AAFF9} = {AF2A7800-A4A6-3426-BDBB-6970506AAFF9}
		{696EE8AA-20D6-3117-82E4-6F5014D843D4} = {696EE8AA-20D6-3117-82E4-6F5014D843D4}
		{316C9FF2-BB1F-31D8-AB65-E94C7B57984D} = {316C9FF2-BB1F-31D8-AB65-E94C7B57984D}
		{F488D93B-E38C-3B41-A207-1D9BC7B4092B} = {F488D93B-E38C-3B41-A207-1D9BC7B4092B}
		{04F434F5-CECB-3408-9AB5-55320974B3F4} = {04F434F5-CECB-3408-9AB5-55320974B3F4}
		{E6E2AA5A-01BA-3C5C-835C-1420C0B2B499} = {E6E2AA5A-01BA-3C5C-835C-1420C0B2B499}
		{CCD08767-873A-375D-A6C5-5ECCC789302A} = {CCD08767-873A-375D-A6C5-5ECCC789302A}
		{413AA5B7-AACC-3C16-AC43-8B9FBF73D834} = {413AA5B7-AACC-3C16-AC43-8B9FBF73D834}
		{867A157F-4BCB-3F6E-AD69-FF044C358905} = {867A157F-4BCB-3F6E-AD69-FF044C358905}
		{12AAC5F8-B867-3552-B096-9623369CBC3D} = {12AAC5F8-B867-3552-B096-9623369CBC3D}
		{EE6349A7-4FFF-332E-819C-D63C1F0EC707} = {EE6349A7-4FFF-332E-819C-D63C1F0EC707}
		{4ADF1EC9-576C-36E6-9E03-4674E9549581} = {4ADF1EC9-576C-36E6-9E03-4674E9549581}
		{706D0B4B-4C28-3D17-84F0-68015A553958} = {706D0B4B-4C28-3D17-84F0-68015A553958}
		{2AB3D6E2-72F0-3D26-BD3C-EBD5460F190A} = {2AB3D6E2-72F0-3D26-BD3C-EBD5460F190A}
		{536935CF-7235-3AED-A625-61C29327F97E} = {536935CF-7235-3AED-A625-61C29327F97E}
		{4FF8BD95-C183-30AE-9BE0-63AF29871C17} = {4FF8BD95-C183-30AE-9BE0-63AF29871C17}
		{FBAAFF73-FF23-3462-8681-9B01405172BE} = {FBAAFF73-FF23-3462-8681-9B01405172BE}
		{5C1DFBE0-EE0C-33E5-B370-ECBD01933597} = {5C1DFBE0-EE0C-33E5-B370-ECBD01933597}
		{ED1B8D07-7ACB-3BB5-B6FE-2D8EC6CC55BE} = {ED1B8D07-7ACB-3BB5-B6FE-2D8EC6CC55BE}
		{B954A14A-59B2-36B7-965A-8054888CB4CC} = {B954A14A-59B2-36B7-965A-8054888CB4CC}
		{D22409EA-8D54-3EDF-97E3-D9A02233A0FF} = {D22409EA-8D54-3EDF-97E3-D9A02233A0FF}
		{27A7120E-3A58-3B69-ADE3-F434DDC92674} = {27A7120E-3A58-3B69-ADE3-F434DDC92674}
		{183F4870-632F-31B8-9C9C-1FFA87319D1B} = {183F4870-632F-31B8-9C9C-1FFA87319D1B}
	EndProjectSection
EndProject
Project("{8BC9CEB8-8B4A-11D0-8D11-00A0C91BC942}") = "Coldgaze", "src\Coldgaze.vcxproj", "{1A3B6F45-8BE1-3DF4-AF9A-7A8913C699E0}"
	ProjectSection(ProjectDependencies) = postProject
		{D981AB59-7EC3-3458-A12D-58939153C761} = {D981AB59-7EC3-3458-A12D-58939153C761}
		{AF2A7800-A4A6-3426-BDBB-6970506AAFF9} = {AF2A7800-A4A6-3426-BDBB-6970506AAFF9}
	EndProjectSection
EndProject
Project("{8BC9CEB8-8B4A-11D0-8D11-00A0C91BC942}") = "INSTALL", "INSTALL.vcxproj", "{D59D8BD9-FB11-3136-B2BF-1DCB95BB8159}"
	ProjectSection(ProjectDependencies) = postProject
		{9515440E-2248-3125-A765-16BD203D7AE3} = {9515440E-2248-3125-A765-16BD203D7AE3}
		{D981AB59-7EC3-3458-A12D-58939153C761} = {D981AB59-7EC3-3458-A12D-58939153C761}
	EndProjectSection
EndProject
Project("{8BC9CEB8-8B4A-11D0-8D11-00A0C91BC942}") = "ZERO_CHECK", "ZERO_CHECK.vcxproj", "{D981AB59-7EC3-3458-A12D-58939153C761}"
	ProjectSection(ProjectDependencies) = postProject
	EndProjectSection
EndProject
Project("{8BC9CEB8-8B4A-11D0-8D11-00A0C91BC942}") = "boing", "include\glfw\examples\boing.vcxproj", "{7F79D249-59D0-3468-AE67-733B9AFB84E2}"
	ProjectSection(ProjectDependencies) = postProject
		{D981AB59-7EC3-3458-A12D-58939153C761} = {D981AB59-7EC3-3458-A12D-58939153C761}
		{AF2A7800-A4A6-3426-BDBB-6970506AAFF9} = {AF2A7800-A4A6-3426-BDBB-6970506AAFF9}
	EndProjectSection
EndProject
Project("{8BC9CEB8-8B4A-11D0-8D11-00A0C91BC942}") = "clipboard", "include\glfw\tests\clipboard.vcxproj", "{5F088D41-72BA-3D11-AB49-4D12AE869696}"
	ProjectSection(ProjectDependencies) = postProject
		{D981AB59-7EC3-3458-A12D-58939153C761} = {D981AB59-7EC3-3458-A12D-58939153C761}
		{AF2A7800-A4A6-3426-BDBB-6970506AAFF9} = {AF2A7800-A4A6-3426-BDBB-6970506AAFF9}
	EndProjectSection
EndProject
Project("{8BC9CEB8-8B4A-11D0-8D11-00A0C91BC942}") = "cursor", "include\glfw\tests\cursor.vcxproj", "{78BB13DE-EDE9-3773-B4A7-AB99B40BFD57}"
	ProjectSection(ProjectDependencies) = postProject
		{D981AB59-7EC3-3458-A12D-58939153C761} = {D981AB59-7EC3-3458-A12D-58939153C761}
		{AF2A7800-A4A6-3426-BDBB-6970506AAFF9} = {AF2A7800-A4A6-3426-BDBB-6970506AAFF9}
	EndProjectSection
EndProject
Project("{8BC9CEB8-8B4A-11D0-8D11-00A0C91BC942}") = "empty", "include\glfw\tests\empty.vcxproj", "{E020EBF0-B71C-3AB9-A368-1729B162FD5C}"
	ProjectSection(ProjectDependencies) = postProject
		{D981AB59-7EC3-3458-A12D-58939153C761} = {D981AB59-7EC3-3458-A12D-58939153C761}
		{AF2A7800-A4A6-3426-BDBB-6970506AAFF9} = {AF2A7800-A4A6-3426-BDBB-6970506AAFF9}
	EndProjectSection
EndProject
Project("{8BC9CEB8-8B4A-11D0-8D11-00A0C91BC942}") = "events", "include\glfw\tests\events.vcxproj", "{B3C736D3-F439-390C-8D63-A4B179ACF760}"
	ProjectSection(ProjectDependencies) = postProject
		{D981AB59-7EC3-3458-A12D-58939153C761} = {D981AB59-7EC3-3458-A12D-58939153C761}
		{AF2A7800-A4A6-3426-BDBB-6970506AAFF9} = {AF2A7800-A4A6-3426-BDBB-6970506AAFF9}
	EndProjectSection
EndProject
Project("{8BC9CEB8-8B4A-11D0-8D11-00A0C91BC942}") = "gamma", "include\glfw\tests\gamma.vcxproj", "{F65A1BB0-944A-3B30-BC71-0A6F1E8CA474}"
	ProjectSection(ProjectDependencies) = postProject
		{D981AB59-7EC3-3458-A12D-58939153C761} = {D981AB59-7EC3-3458-A12D-58939153C761}
		{AF2A7800-A4A6-3426-BDBB-6970506AAFF9} = {AF2A7800-A4A6-3426-BDBB-6970506AAFF9}
	EndProjectSection
EndProject
Project("{8BC9CEB8-8B4A-11D0-8D11-00A0C91BC942}") = "gears", "include\glfw\examples\gears.vcxproj", "{1D634E55-6D71-3EA2-83A5-5B88086C4ACF}"
	ProjectSection(ProjectDependencies) = postProject
		{D981AB59-7EC3-3458-A12D-58939153C761} = {D981AB59-7EC3-3458-A12D-58939153C761}
		{AF2A7800-A4A6-3426-BDBB-6970506AAFF9} = {AF2A7800-A4A6-3426-BDBB-6970506AAFF9}
	EndProjectSection
EndProject
Project("{8BC9CEB8-8B4A-11D0-8D11-00A0C91BC942}") = "glfw", "include\glfw\src\glfw.vcxproj", "{AF2A7800-A4A6-3426-BDBB-6970506AAFF9}"
	ProjectSection(ProjectDependencies) = postProject
		{D981AB59-7EC3-3458-A12D-58939153C761} = {D981AB59-7EC3-3458-A12D-58939153C761}
	EndProjectSection
EndProject
Project("{8BC9CEB8-8B4A-11D0-8D11-00A0C91BC942}") = "glfwinfo", "include\glfw\tests\glfwinfo.vcxproj", "{696EE8AA-20D6-3117-82E4-6F5014D843D4}"
	ProjectSection(ProjectDependencies) = postProject
		{D981AB59-7EC3-3458-A12D-58939153C761} = {D981AB59-7EC3-3458-A12D-58939153C761}
		{AF2A7800-A4A6-3426-BDBB-6970506AAFF9} = {AF2A7800-A4A6-3426-BDBB-6970506AAFF9}
	EndProjectSection
EndProject
Project("{8BC9CEB8-8B4A-11D0-8D11-00A0C91BC942}") = "heightmap", "include\glfw\examples\heightmap.vcxproj", "{316C9FF2-BB1F-31D8-AB65-E94C7B57984D}"
	ProjectSection(ProjectDependencies) = postProject
		{D981AB59-7EC3-3458-A12D-58939153C761} = {D981AB59-7EC3-3458-A12D-58939153C761}
		{AF2A7800-A4A6-3426-BDBB-6970506AAFF9} = {AF2A7800-A4A6-3426-BDBB-6970506AAFF9}
	EndProjectSection
EndProject
Project("{8BC9CEB8-8B4A-11D0-8D11-00A0C91BC942}") = "icon", "include\glfw\tests\icon.vcxproj", "{F488D93B-E38C-3B41-A207-1D9BC7B4092B}"
	ProjectSection(ProjectDependencies) = postProject
		{D981AB59-7EC3-3458-A12D-58939153C761} = {D981AB59-7EC3-3458-A12D-58939153C761}
		{AF2A7800-A4A6-3426-BDBB-6970506AAFF9} = {AF2A7800-A4A6-3426-BDBB-6970506AAFF9}
	EndProjectSection
EndProject
Project("{8BC9CEB8-8B4A-11D0-8D11-00A0C91BC942}") = "iconify", "include\glfw\tests\iconify.vcxproj", "{04F434F5-CECB-3408-9AB5-55320974B3F4}"
	ProjectSection(ProjectDependencies) = postProject
		{D981AB59-7EC3-3458-A12D-58939153C761} = {D981AB59-7EC3-3458-A12D-58939153C761}
		{AF2A7800-A4A6-3426-BDBB-6970506AAFF9} = {AF2A7800-A4A6-3426-BDBB-6970506AAFF9}
	EndProjectSection
EndProject
Project("{8BC9CEB8-8B4A-11D0-8D11-00A0C91BC942}") = "inputlag", "include\glfw\tests\inputlag.vcxproj", "{E6E2AA5A-01BA-3C5C-835C-1420C0B2B499}"
	ProjectSection(ProjectDependencies) = postProject
		{D981AB59-7EC3-3458-A12D-58939153C761} = {D981AB59-7EC3-3458-A12D-58939153C761}
		{AF2A7800-A4A6-3426-BDBB-6970506AAFF9} = {AF2A7800-A4A6-3426-BDBB-6970506AAFF9}
	EndProjectSection
EndProject
Project("{8BC9CEB8-8B4A-11D0-8D11-00A0C91BC942}") = "joysticks", "include\glfw\tests\joysticks.vcxproj", "{CCD08767-873A-375D-A6C5-5ECCC789302A}"
	ProjectSection(ProjectDependencies) = postProject
		{D981AB59-7EC3-3458-A12D-58939153C761} = {D981AB59-7EC3-3458-A12D-58939153C761}
		{AF2A7800-A4A6-3426-BDBB-6970506AAFF9} = {AF2A7800-A4A6-3426-BDBB-6970506AAFF9}
	EndProjectSection
EndProject
Project("{8BC9CEB8-8B4A-11D0-8D11-00A0C91BC942}") = "monitors", "include\glfw\tests\monitors.vcxproj", "{413AA5B7-AACC-3C16-AC43-8B9FBF73D834}"
	ProjectSection(ProjectDependencies) = postProject
		{D981AB59-7EC3-3458-A12D-58939153C761} = {D981AB59-7EC3-3458-A12D-58939153C761}
		{AF2A7800-A4A6-3426-BDBB-6970506AAFF9} = {AF2A7800-A4A6-3426-BDBB-6970506AAFF9}
	EndProjectSection
EndProject
Project("{8BC9CEB8-8B4A-11D0-8D11-00A0C91BC942}") = "msaa", "include\glfw\tests\msaa.vcxproj", "{867A157F-4BCB-3F6E-AD69-FF044C358905}"
	ProjectSection(ProjectDependencies) = postProject
		{D981AB59-7EC3-3458-A12D-58939153C761} = {D981AB59-7EC3-3458-A12D-58939153C761}
		{AF2A7800-A4A6-3426-BDBB-6970506AAFF9} = {AF2A7800-A4A6-3426-BDBB-6970506AAFF9}
	EndProjectSection
EndProject
Project("{8BC9CEB8-8B4A-11D0-8D11-00A0C91BC942}") = "offscreen", "include\glfw\examples\offscreen.vcxproj", "{12AAC5F8-B867-3552-B096-9623369CBC3D}"
	ProjectSection(ProjectDependencies) = postProject
		{D981AB59-7EC3-3458-A12D-58939153C761} = {D981AB59-7EC3-3458-A12D-58939153C761}
		{AF2A7800-A4A6-3426-BDBB-6970506AAFF9} = {AF2A7800-A4A6-3426-BDBB-6970506AAFF9}
	EndProjectSection
EndProject
Project("{8BC9CEB8-8B4A-11D0-8D11-00A0C91BC942}") = "opacity", "include\glfw\tests\opacity.vcxproj", "{EE6349A7-4FFF-332E-819C-D63C1F0EC707}"
	ProjectSection(ProjectDependencies) = postProject
		{D981AB59-7EC3-3458-A12D-58939153C761} = {D981AB59-7EC3-3458-A12D-58939153C761}
		{AF2A7800-A4A6-3426-BDBB-6970506AAFF9} = {AF2A7800-A4A6-3426-BDBB-6970506AAFF9}
	EndProjectSection
EndProject
Project("{8BC9CEB8-8B4A-11D0-8D11-00A0C91BC942}") = "particles", "include\glfw\examples\particles.vcxproj", "{4ADF1EC9-576C-36E6-9E03-4674E9549581}"
	ProjectSection(ProjectDependencies) = postProject
		{D981AB59-7EC3-3458-A12D-58939153C761} = {D981AB59-7EC3-3458-A12D-58939153C761}
		{AF2A7800-A4A6-3426-BDBB-6970506AAFF9} = {AF2A7800-A4A6-3426-BDBB-6970506AAFF9}
	EndProjectSection
EndProject
Project("{8BC9CEB8-8B4A-11D0-8D11-00A0C91BC942}") = "reopen", "include\glfw\tests\reopen.vcxproj", "{706D0B4B-4C28-3D17-84F0-68015A553958}"
	ProjectSection(ProjectDependencies) = postProject
		{D981AB59-7EC3-3458-A12D-58939153C761} = {D981AB59-7EC3-3458-A12D-58939153C761}
		{AF2A7800-A4A6-3426-BDBB-6970506AAFF9} = {AF2A7800-A4A6-3426-BDBB-6970506AAFF9}
	EndProjectSection
EndProject
Project("{8BC9CEB8-8B4A-11D0-8D11-00A0C91BC942}") = "sharing", "include\glfw\examples\sharing.vcxproj", "{2AB3D6E2-72F0-3D26-BD3C-EBD5460F190A}"
	ProjectSection(ProjectDependencies) = postProject
		{D981AB59-7EC3-3458-A12D-58939153C761} = {D981AB59-7EC3-3458-A12D-58939153C761}
		{AF2A7800-A4A6-3426-BDBB-6970506AAFF9} = {AF2A7800-A4A6-3426-BDBB-6970506AAFF9}
	EndProjectSection
EndProject
Project("{8BC9CEB8-8B4A-11D0-8D11-00A0C91BC942}") = "simple", "include\glfw\examples\simple.vcxproj", "{536935CF-7235-3AED-A625-61C29327F97E}"
	ProjectSection(ProjectDependencies) = postProject
		{D981AB59-7EC3-3458-A12D-58939153C761} = {D981AB59-7EC3-3458-A12D-58939153C761}
		{AF2A7800-A4A6-3426-BDBB-6970506AAFF9} = {AF2A7800-A4A6-3426-BDBB-6970506AAFF9}
	EndProjectSection
EndProject
Project("{8BC9CEB8-8B4A-11D0-8D11-00A0C91BC942}") = "splitview", "include\glfw\examples\splitview.vcxproj", "{4FF8BD95-C183-30AE-9BE0-63AF29871C17}"
	ProjectSection(ProjectDependencies) = postProject
		{D981AB59-7EC3-3458-A12D-58939153C761} = {D981AB59-7EC3-3458-A12D-58939153C761}
		{AF2A7800-A4A6-3426-BDBB-6970506AAFF9} = {AF2A7800-A4A6-3426-BDBB-6970506AAFF9}
	EndProjectSection
EndProject
Project("{8BC9CEB8-8B4A-11D0-8D11-00A0C91BC942}") = "tearing", "include\glfw\tests\tearing.vcxproj", "{FBAAFF73-FF23-3462-8681-9B01405172BE}"
	ProjectSection(ProjectDependencies) = postProject
		{D981AB59-7EC3-3458-A12D-58939153C761} = {D981AB59-7EC3-3458-A12D-58939153C761}
		{AF2A7800-A4A6-3426-BDBB-6970506AAFF9} = {AF2A7800-A4A6-3426-BDBB-6970506AAFF9}
	EndProjectSection
EndProject
Project("{8BC9CEB8-8B4A-11D0-8D11-00A0C91BC942}") = "threads", "include\glfw\tests\threads.vcxproj", "{5C1DFBE0-EE0C-33E5-B370-ECBD01933597}"
	ProjectSection(ProjectDependencies) = postProject
		{D981AB59-7EC3-3458-A12D-58939153C761} = {D981AB59-7EC3-3458-A12D-58939153C761}
		{AF2A7800-A4A6-3426-BDBB-6970506AAFF9} = {AF2A7800-A4A6-3426-BDBB-6970506AAFF9}
	EndProjectSection
EndProject
Project("{8BC9CEB8-8B4A-11D0-8D11-00A0C91BC942}") = "timeout", "include\glfw\tests\timeout.vcxproj", "{ED1B8D07-7ACB-3BB5-B6FE-2D8EC6CC55BE}"
	ProjectSection(ProjectDependencies) = postProject
		{D981AB59-7EC3-3458-A12D-58939153C761} = {D981AB59-7EC3-3458-A12D-58939153C761}
		{AF2A7800-A4A6-3426-BDBB-6970506AAFF9} = {AF2A7800-A4A6-3426-BDBB-6970506AAFF9}
	EndProjectSection
EndProject
Project("{8BC9CEB8-8B4A-11D0-8D11-00A0C91BC942}") = "title", "include\glfw\tests\title.vcxproj", "{B954A14A-59B2-36B7-965A-8054888CB4CC}"
	ProjectSection(ProjectDependencies) = postProject
		{D981AB59-7EC3-3458-A12D-58939153C761} = {D981AB59-7EC3-3458-A12D-58939153C761}
		{AF2A7800-A4A6-3426-BDBB-6970506AAFF9} = {AF2A7800-A4A6-3426-BDBB-6970506AAFF9}
	EndProjectSection
EndProject
Project("{8BC9CEB8-8B4A-11D0-8D11-00A0C91BC942}") = "uninstall", "include\glfw\uninstall.vcxproj", "{1418FE5C-C2DB-3828-848A-949CBCE1FA79}"
	ProjectSection(ProjectDependencies) = postProject
		{D981AB59-7EC3-3458-A12D-58939153C761} = {D981AB59-7EC3-3458-A12D-58939153C761}
	EndProjectSection
EndProject
Project("{8BC9CEB8-8B4A-11D0-8D11-00A0C91BC942}") = "vulkan", "include\glfw\tests\vulkan.vcxproj", "{D22409EA-8D54-3EDF-97E3-D9A02233A0FF}"
	ProjectSection(ProjectDependencies) = postProject
		{D981AB59-7EC3-3458-A12D-58939153C761} = {D981AB59-7EC3-3458-A12D-58939153C761}
		{AF2A7800-A4A6-3426-BDBB-6970506AAFF9} = {AF2A7800-A4A6-3426-BDBB-6970506AAFF9}
	EndProjectSection
EndProject
Project("{8BC9CEB8-8B4A-11D0-8D11-00A0C91BC942}") = "wave", "include\glfw\examples\wave.vcxproj", "{27A7120E-3A58-3B69-ADE3-F434DDC92674}"
	ProjectSection(ProjectDependencies) = postProject
		{D981AB59-7EC3-3458-A12D-58939153C761} = {D981AB59-7EC3-3458-A12D-58939153C761}
		{AF2A7800-A4A6-3426-BDBB-6970506AAFF9} = {AF2A7800-A4A6-3426-BDBB-6970506AAFF9}
	EndProjectSection
EndProject
Project("{8BC9CEB8-8B4A-11D0-8D11-00A0C91BC942}") = "windows", "include\glfw\tests\windows.vcxproj", "{183F4870-632F-31B8-9C9C-1FFA87319D1B}"
	ProjectSection(ProjectDependencies) = postProject
		{D981AB59-7EC3-3458-A12D-58939153C761} = {D981AB59-7EC3-3458-A12D-58939153C761}
		{AF2A7800-A4A6-3426-BDBB-6970506AAFF9} = {AF2A7800-A4A6-3426-BDBB-6970506AAFF9}
	EndProjectSection
EndProject
Global
	GlobalSection(SolutionConfigurationPlatforms) = preSolution
		Debug|x64 = Debug|x64
		Release|x64 = Release|x64
		MinSizeRel|x64 = MinSizeRel|x64
		RelWithDebInfo|x64 = RelWithDebInfo|x64
	EndGlobalSection
	GlobalSection(ProjectConfigurationPlatforms) = postSolution
		{9515440E-2248-3125-A765-16BD203D7AE3}.Debug|x64.ActiveCfg = Debug|x64
		{9515440E-2248-3125-A765-16BD203D7AE3}.Debug|x64.Build.0 = Debug|x64
		{9515440E-2248-3125-A765-16BD203D7AE3}.Release|x64.ActiveCfg = Release|x64
		{9515440E-2248-3125-A765-16BD203D7AE3}.Release|x64.Build.0 = Release|x64
		{9515440E-2248-3125-A765-16BD203D7AE3}.MinSizeRel|x64.ActiveCfg = MinSizeRel|x64
		{9515440E-2248-3125-A765-16BD203D7AE3}.MinSizeRel|x64.Build.0 = MinSizeRel|x64
		{9515440E-2248-3125-A765-16BD203D7AE3}.RelWithDebInfo|x64.ActiveCfg = RelWithDebInfo|x64
		{9515440E-2248-3125-A765-16BD203D7AE3}.RelWithDebInfo|x64.Build.0 = RelWithDebInfo|x64
		{1A3B6F45-8BE1-3DF4-AF9A-7A8913C699E0}.Debug|x64.ActiveCfg = Debug|x64
		{1A3B6F45-8BE1-3DF4-AF9A-7A8913C699E0}.Debug|x64.Build.0 = Debug|x64
		{1A3B6F45-8BE1-3DF4-AF9A-7A8913C699E0}.Release|x64.ActiveCfg = Release|x64
		{1A3B6F45-8BE1-3DF4-AF9A-7A8913C699E0}.Release|x64.Build.0 = Release|x64
		{1A3B6F45-8BE1-3DF4-AF9A-7A8913C699E0}.MinSizeRel|x64.ActiveCfg = MinSizeRel|x64
		{1A3B6F45-8BE1-3DF4-AF9A-7A8913C699E0}.MinSizeRel|x64.Build.0 = MinSizeRel|x64
		{1A3B6F45-8BE1-3DF4-AF9A-7A8913C699E0}.RelWithDebInfo|x64.ActiveCfg = RelWithDebInfo|x64
		{1A3B6F45-8BE1-3DF4-AF9A-7A8913C699E0}.RelWithDebInfo|x64.Build.0 = RelWithDebInfo|x64
		{D59D8BD9-FB11-3136-B2BF-1DCB95BB8159}.Debug|x64.ActiveCfg = Debug|x64
		{D59D8BD9-FB11-3136-B2BF-1DCB95BB8159}.Release|x64.ActiveCfg = Release|x64
		{D59D8BD9-FB11-3136-B2BF-1DCB95BB8159}.MinSizeRel|x64.ActiveCfg = MinSizeRel|x64
		{D59D8BD9-FB11-3136-B2BF-1DCB95BB8159}.RelWithDebInfo|x64.ActiveCfg = RelWithDebInfo|x64
		{D981AB59-7EC3-3458-A12D-58939153C761}.Debug|x64.ActiveCfg = Debug|x64
		{D981AB59-7EC3-3458-A12D-58939153C761}.Debug|x64.Build.0 = Debug|x64
		{D981AB59-7EC3-3458-A12D-58939153C761}.Release|x64.ActiveCfg = Release|x64
		{D981AB59-7EC3-3458-A12D-58939153C761}.Release|x64.Build.0 = Release|x64
		{D981AB59-7EC3-3458-A12D-58939153C761}.MinSizeRel|x64.ActiveCfg = MinSizeRel|x64
		{D981AB59-7EC3-3458-A12D-58939153C761}.MinSizeRel|x64.Build.0 = MinSizeRel|x64
		{D981AB59-7EC3-3458-A12D-58939153C761}.RelWithDebInfo|x64.ActiveCfg = RelWithDebInfo|x64
		{D981AB59-7EC3-3458-A12D-58939153C761}.RelWithDebInfo|x64.Build.0 = RelWithDebInfo|x64
		{7F79D249-59D0-3468-AE67-733B9AFB84E2}.Debug|x64.ActiveCfg = Debug|x64
		{7F79D249-59D0-3468-AE67-733B9AFB84E2}.Debug|x64.Build.0 = Debug|x64
		{7F79D249-59D0-3468-AE67-733B9AFB84E2}.Release|x64.ActiveCfg = Release|x64
		{7F79D249-59D0-3468-AE67-733B9AFB84E2}.Release|x64.Build.0 = Release|x64
		{7F79D249-59D0-3468-AE67-733B9AFB84E2}.MinSizeRel|x64.ActiveCfg = MinSizeRel|x64
		{7F79D249-59D0-3468-AE67-733B9AFB84E2}.MinSizeRel|x64.Build.0 = MinSizeRel|x64
		{7F79D249-59D0-3468-AE67-733B9AFB84E2}.RelWithDebInfo|x64.ActiveCfg = RelWithDebInfo|x64
		{7F79D249-59D0-3468-AE67-733B9AFB84E2}.RelWithDebInfo|x64.Build.0 = RelWithDebInfo|x64
		{5F088D41-72BA-3D11-AB49-4D12AE869696}.Debug|x64.ActiveCfg = Debug|x64
		{5F088D41-72BA-3D11-AB49-4D12AE869696}.Debug|x64.Build.0 = Debug|x64
		{5F088D41-72BA-3D11-AB49-4D12AE869696}.Release|x64.ActiveCfg = Release|x64
		{5F088D41-72BA-3D11-AB49-4D12AE869696}.Release|x64.Build.0 = Release|x64
		{5F088D41-72BA-3D11-AB49-4D12AE869696}.MinSizeRel|x64.ActiveCfg = MinSizeRel|x64
		{5F088D41-72BA-3D11-AB49-4D12AE869696}.MinSizeRel|x64.Build.0 = MinSizeRel|x64
		{5F088D41-72BA-3D11-AB49-4D12AE869696}.RelWithDebInfo|x64.ActiveCfg = RelWithDebInfo|x64
		{5F088D41-72BA-3D11-AB49-4D12AE869696}.RelWithDebInfo|x64.Build.0 = RelWithDebInfo|x64
		{78BB13DE-EDE9-3773-B4A7-AB99B40BFD57}.Debug|x64.ActiveCfg = Debug|x64
		{78BB13DE-EDE9-3773-B4A7-AB99B40BFD57}.Debug|x64.Build.0 = Debug|x64
		{78BB13DE-EDE9-3773-B4A7-AB99B40BFD57}.Release|x64.ActiveCfg = Release|x64
		{78BB13DE-EDE9-3773-B4A7-AB99B40BFD57}.Release|x64.Build.0 = Release|x64
		{78BB13DE-EDE9-3773-B4A7-AB99B40BFD57}.MinSizeRel|x64.ActiveCfg = MinSizeRel|x64
		{78BB13DE-EDE9-3773-B4A7-AB99B40BFD57}.MinSizeRel|x64.Build.0 = MinSizeRel|x64
		{78BB13DE-EDE9-3773-B4A7-AB99B40BFD57}.RelWithDebInfo|x64.ActiveCfg = RelWithDebInfo|x64
		{78BB13DE-EDE9-3773-B4A7-AB99B40BFD57}.RelWithDebInfo|x64.Build.0 = RelWithDebInfo|x64
		{E020EBF0-B71C-3AB9-A368-1729B162FD5C}.Debug|x64.ActiveCfg = Debug|x64
		{E020EBF0-B71C-3AB9-A368-1729B162FD5C}.Debug|x64.Build.0 = Debug|x64
		{E020EBF0-B71C-3AB9-A368-1729B162FD5C}.Release|x64.ActiveCfg = Release|x64
		{E020EBF0-B71C-3AB9-A368-1729B162FD5C}.Release|x64.Build.0 = Release|x64
		{E020EBF0-B71C-3AB9-A368-1729B162FD5C}.MinSizeRel|x64.ActiveCfg = MinSizeRel|x64
		{E020EBF0-B71C-3AB9-A368-1729B162FD5C}.MinSizeRel|x64.Build.0 = MinSizeRel|x64
		{E020EBF0-B71C-3AB9-A368-1729B162FD5C}.RelWithDebInfo|x64.ActiveCfg = RelWithDebInfo|x64
		{E020EBF0-B71C-3AB9-A368-1729B162FD5C}.RelWithDebInfo|x64.Build.0 = RelWithDebInfo|x64
		{B3C736D3-F439-390C-8D63-A4B179ACF760}.Debug|x64.ActiveCfg = Debug|x64
		{B3C736D3-F439-390C-8D63-A4B179ACF760}.Debug|x64.Build.0 = Debug|x64
		{B3C736D3-F439-390C-8D63-A4B179ACF760}.Release|x64.ActiveCfg = Release|x64
		{B3C736D3-F439-390C-8D63-A4B179ACF760}.Release|x64.Build.0 = Release|x64
		{B3C736D3-F439-390C-8D63-A4B179ACF760}.MinSizeRel|x64.ActiveCfg = MinSizeRel|x64
		{B3C736D3-F439-390C-8D63-A4B179ACF760}.MinSizeRel|x64.Build.0 = MinSizeRel|x64
		{B3C736D3-F439-390C-8D63-A4B179ACF760}.RelWithDebInfo|x64.ActiveCfg = RelWithDebInfo|x64
		{B3C736D3-F439-390C-8D63-A4B179ACF760}.RelWithDebInfo|x64.Build.0 = RelWithDebInfo|x64
		{F65A1BB0-944A-3B30-BC71-0A6F1E8CA474}.Debug|x64.ActiveCfg = Debug|x64
		{F65A1BB0-944A-3B30-BC71-0A6F1E8CA474}.Debug|x64.Build.0 = Debug|x64
		{F65A1BB0-944A-3B30-BC71-0A6F1E8CA474}.Release|x64.ActiveCfg = Release|x64
		{F65A1BB0-944A-3B30-BC71-0A6F1E8CA474}.Release|x64.Build.0 = Release|x64
		{F65A1BB0-944A-3B30-BC71-0A6F1E8CA474}.MinSizeRel|x64.ActiveCfg = MinSizeRel|x64
		{F65A1BB0-944A-3B30-BC71-0A6F1E8CA474}.MinSizeRel|x64.Build.0 = MinSizeRel|x64
		{F65A1BB0-944A-3B30-BC71-0A6F1E8CA474}.RelWithDebInfo|x64.ActiveCfg = RelWithDebInfo|x64
		{F65A1BB0-944A-3B30-BC71-0A6F1E8CA474}.RelWithDebInfo|x64.Build.0 = RelWithDebInfo|x64
		{1D634E55-6D71-3EA2-83A5-5B88086C4ACF}.Debug|x64.ActiveCfg = Debug|x64
		{1D634E55-6D71-3EA2-83A5-5B88086C4ACF}.Debug|x64.Build.0 = Debug|x64
		{1D634E55-6D71-3EA2-83A5-5B88086C4ACF}.Release|x64.ActiveCfg = Release|x64
		{1D634E55-6D71-3EA2-83A5-5B88086C4ACF}.Release|x64.Build.0 = Release|x64
		{1D634E55-6D71-3EA2-83A5-5B88086C4ACF}.MinSizeRel|x64.ActiveCfg = MinSizeRel|x64
		{1D634E55-6D71-3EA2-83A5-5B88086C4ACF}.MinSizeRel|x64.Build.0 = MinSizeRel|x64
		{1D634E55-6D71-3EA2-83A5-5B88086C4ACF}.RelWithDebInfo|x64.ActiveCfg = RelWithDebInfo|x64
		{1D634E55-6D71-3EA2-83A5-5B88086C4ACF}.RelWithDebInfo|x64.Build.0 = RelWithDebInfo|x64
		{AF2A7800-A4A6-3426-BDBB-6970506AAFF9}.Debug|x64.ActiveCfg = Debug|x64
		{AF2A7800-A4A6-3426-BDBB-6970506AAFF9}.Debug|x64.Build.0 = Debug|x64
		{AF2A7800-A4A6-3426-BDBB-6970506AAFF9}.Release|x64.ActiveCfg = Release|x64
		{AF2A7800-A4A6-3426-BDBB-6970506AAFF9}.Release|x64.Build.0 = Release|x64
		{AF2A7800-A4A6-3426-BDBB-6970506AAFF9}.MinSizeRel|x64.ActiveCfg = MinSizeRel|x64
		{AF2A7800-A4A6-3426-BDBB-6970506AAFF9}.MinSizeRel|x64.Build.0 = MinSizeRel|x64
		{AF2A7800-A4A6-3426-BDBB-6970506AAFF9}.RelWithDebInfo|x64.ActiveCfg = RelWithDebInfo|x64
		{AF2A7800-A4A6-3426-BDBB-6970506AAFF9}.RelWithDebInfo|x64.Build.0 = RelWithDebInfo|x64
		{696EE8AA-20D6-3117-82E4-6F5014D843D4}.Debug|x64.ActiveCfg = Debug|x64
		{696EE8AA-20D6-3117-82E4-6F5014D843D4}.Debug|x64.Build.0 = Debug|x64
		{696EE8AA-20D6-3117-82E4-6F5014D843D4}.Release|x64.ActiveCfg = Release|x64
		{696EE8AA-20D6-3117-82E4-6F5014D843D4}.Release|x64.Build.0 = Release|x64
		{696EE8AA-20D6-3117-82E4-6F5014D843D4}.MinSizeRel|x64.ActiveCfg = MinSizeRel|x64
		{696EE8AA-20D6-3117-82E4-6F5014D843D4}.MinSizeRel|x64.Build.0 = MinSizeRel|x64
		{696EE8AA-20D6-3117-82E4-6F5014D843D4}.RelWithDebInfo|x64.ActiveCfg = RelWithDebInfo|x64
		{696EE8AA-20D6-3117-82E4-6F5014D843D4}.RelWithDebInfo|x64.Build.0 = RelWithDebInfo|x64
		{316C9FF2-BB1F-31D8-AB65-E94C7B57984D}.Debug|x64.ActiveCfg = Debug|x64
		{316C9FF2-BB1F-31D8-AB65-E94C7B57984D}.Debug|x64.Build.0 = Debug|x64
		{316C9FF2-BB1F-31D8-AB65-E94C7B57984D}.Release|x64.ActiveCfg = Release|x64
		{316C9FF2-BB1F-31D8-AB65-E94C7B57984D}.Release|x64.Build.0 = Release|x64
		{316C9FF2-BB1F-31D8-AB65-E94C7B57984D}.MinSizeRel|x64.ActiveCfg = MinSizeRel|x64
		{316C9FF2-BB1F-31D8-AB65-E94C7B57984D}.MinSizeRel|x64.Build.0 = MinSizeRel|x64
		{316C9FF2-BB1F-31D8-AB65-E94C7B57984D}.RelWithDebInfo|x64.ActiveCfg = RelWithDebInfo|x64
		{316C9FF2-BB1F-31D8-AB65-E94C7B57984D}.RelWithDebInfo|x64.Build.0 = RelWithDebInfo|x64
		{F488D93B-E38C-3B41-A207-1D9BC7B4092B}.Debug|x64.ActiveCfg = Debug|x64
		{F488D93B-E38C-3B41-A207-1D9BC7B4092B}.Debug|x64.Build.0 = Debug|x64
		{F488D93B-E38C-3B41-A207-1D9BC7B4092B}.Release|x64.ActiveCfg = Release|x64
		{F488D93B-E38C-3B41-A207-1D9BC7B4092B}.Release|x64.Build.0 = Release|x64
		{F488D93B-E38C-3B41-A207-1D9BC7B4092B}.MinSizeRel|x64.ActiveCfg = MinSizeRel|x64
		{F488D93B-E38C-3B41-A207-1D9BC7B4092B}.MinSizeRel|x64.Build.0 = MinSizeRel|x64
		{F488D93B-E38C-3B41-A207-1D9BC7B4092B}.RelWithDebInfo|x64.ActiveCfg = RelWithDebInfo|x64
		{F488D93B-E38C-3B41-A207-1D9BC7B4092B}.RelWithDebInfo|x64.Build.0 = RelWithDebInfo|x64
		{04F434F5-CECB-3408-9AB5-55320974B3F4}.Debug|x64.ActiveCfg = Debug|x64
		{04F434F5-CECB-3408-9AB5-55320974B3F4}.Debug|x64.Build.0 = Debug|x64
		{04F434F5-CECB-3408-9AB5-55320974B3F4}.Release|x64.ActiveCfg = Release|x64
		{04F434F5-CECB-3408-9AB5-55320974B3F4}.Release|x64.Build.0 = Release|x64
		{04F434F5-CECB-3408-9AB5-55320974B3F4}.MinSizeRel|x64.ActiveCfg = MinSizeRel|x64
		{04F434F5-CECB-3408-9AB5-55320974B3F4}.MinSizeRel|x64.Build.0 = MinSizeRel|x64
		{04F434F5-CECB-3408-9AB5-55320974B3F4}.RelWithDebInfo|x64.ActiveCfg = RelWithDebInfo|x64
		{04F434F5-CECB-3408-9AB5-55320974B3F4}.RelWithDebInfo|x64.Build.0 = RelWithDebInfo|x64
		{E6E2AA5A-01BA-3C5C-835C-1420C0B2B499}.Debug|x64.ActiveCfg = Debug|x64
		{E6E2AA5A-01BA-3C5C-835C-1420C0B2B499}.Debug|x64.Build.0 = Debug|x64
		{E6E2AA5A-01BA-3C5C-835C-1420C0B2B499}.Release|x64.ActiveCfg = Release|x64
		{E6E2AA5A-01BA-3C5C-835C-1420C0B2B499}.Release|x64.Build.0 = Release|x64
		{E6E2AA5A-01BA-3C5C-835C-1420C0B2B499}.MinSizeRel|x64.ActiveCfg = MinSizeRel|x64
		{E6E2AA5A-01BA-3C5C-835C-1420C0B2B499}.MinSizeRel|x64.Build.0 = MinSizeRel|x64
		{E6E2AA5A-01BA-3C5C-835C-1420C0B2B499}.RelWithDebInfo|x64.ActiveCfg = RelWithDebInfo|x64
		{E6E2AA5A-01BA-3C5C-835C-1420C0B2B499}.RelWithDebInfo|x64.Build.0 = RelWithDebInfo|x64
		{CCD08767-873A-375D-A6C5-5ECCC789302A}.Debug|x64.ActiveCfg = Debug|x64
		{CCD08767-873A-375D-A6C5-5ECCC789302A}.Debug|x64.Build.0 = Debug|x64
		{CCD08767-873A-375D-A6C5-5ECCC789302A}.Release|x64.ActiveCfg = Release|x64
		{CCD08767-873A-375D-A6C5-5ECCC789302A}.Release|x64.Build.0 = Release|x64
		{CCD08767-873A-375D-A6C5-5ECCC789302A}.MinSizeRel|x64.ActiveCfg = MinSizeRel|x64
		{CCD08767-873A-375D-A6C5-5ECCC789302A}.MinSizeRel|x64.Build.0 = MinSizeRel|x64
		{CCD08767-873A-375D-A6C5-5ECCC789302A}.RelWithDebInfo|x64.ActiveCfg = RelWithDebInfo|x64
		{CCD08767-873A-375D-A6C5-5ECCC789302A}.RelWithDebInfo|x64.Build.0 = RelWithDebInfo|x64
		{413AA5B7-AACC-3C16-AC43-8B9FBF73D834}.Debug|x64.ActiveCfg = Debug|x64
		{413AA5B7-AACC-3C16-AC43-8B9FBF73D834}.Debug|x64.Build.0 = Debug|x64
		{413AA5B7-AACC-3C16-AC43-8B9FBF73D834}.Release|x64.ActiveCfg = Release|x64
		{413AA5B7-AACC-3C16-AC43-8B9FBF73D834}.Release|x64.Build.0 = Release|x64
		{413AA5B7-AACC-3C16-AC43-8B9FBF73D834}.MinSizeRel|x64.ActiveCfg = MinSizeRel|x64
		{413AA5B7-AACC-3C16-AC43-8B9FBF73D834}.MinSizeRel|x64.Build.0 = MinSizeRel|x64
		{413AA5B7-AACC-3C16-AC43-8B9FBF73D834}.RelWithDebInfo|x64.ActiveCfg = RelWithDebInfo|x64
		{413AA5B7-AACC-3C16-AC43-8B9FBF73D834}.RelWithDebInfo|x64.Build.0 = RelWithDebInfo|x64
		{867A157F-4BCB-3F6E-AD69-FF044C358905}.Debug|x64.ActiveCfg = Debug|x64
		{867A157F-4BCB-3F6E-AD69-FF044C358905}.Debug|x64.Build.0 = Debug|x64
		{867A157F-4BCB-3F6E-AD69-FF044C358905}.Release|x64.ActiveCfg = Release|x64
		{867A157F-4BCB-3F6E-AD69-FF044C358905}.Release|x64.Build.0 = Release|x64
		{867A157F-4BCB-3F6E-AD69-FF044C358905}.MinSizeRel|x64.ActiveCfg = MinSizeRel|x64
		{867A157F-4BCB-3F6E-AD69-FF044C358905}.MinSizeRel|x64.Build.0 = MinSizeRel|x64
		{867A157F-4BCB-3F6E-AD69-FF044C358905}.RelWithDebInfo|x64.ActiveCfg = RelWithDebInfo|x64
		{867A157F-4BCB-3F6E-AD69-FF044C358905}.RelWithDebInfo|x64.Build.0 = RelWithDebInfo|x64
		{12AAC5F8-B867-3552-B096-9623369CBC3D}.Debug|x64.ActiveCfg = Debug|x64
		{12AAC5F8-B867-3552-B096-9623369CBC3D}.Debug|x64.Build.0 = Debug|x64
		{12AAC5F8-B867-3552-B096-9623369CBC3D}.Release|x64.ActiveCfg = Release|x64
		{12AAC5F8-B867-3552-B096-9623369CBC3D}.Release|x64.Build.0 = Release|x64
		{12AAC5F8-B867-3552-B096-9623369CBC3D}.MinSizeRel|x64.ActiveCfg = MinSizeRel|x64
		{12AAC5F8-B867-3552-B096-9623369CBC3D}.MinSizeRel|x64.Build.0 = MinSizeRel|x64
		{12AAC5F8-B867-3552-B096-9623369CBC3D}.RelWithDebInfo|x64.ActiveCfg = RelWithDebInfo|x64
		{12AAC5F8-B867-3552-B096-9623369CBC3D}.RelWithDebInfo|x64.Build.0 = RelWithDebInfo|x64
		{EE6349A7-4FFF-332E-819C-D63C1F0EC707}.Debug|x64.ActiveCfg = Debug|x64
		{EE6349A7-4FFF-332E-819C-D63C1F0EC707}.Debug|x64.Build.0 = Debug|x64
		{EE6349A7-4FFF-332E-819C-D63C1F0EC707}.Release|x64.ActiveCfg = Release|x64
		{EE6349A7-4FFF-332E-819C-D63C1F0EC707}.Release|x64.Build.0 = Release|x64
		{EE6349A7-4FFF-332E-819C-D63C1F0EC707}.MinSizeRel|x64.ActiveCfg = MinSizeRel|x64
		{EE6349A7-4FFF-332E-819C-D63C1F0EC707}.MinSizeRel|x64.Build.0 = MinSizeRel|x64
		{EE6349A7-4FFF-332E-819C-D63C1F0EC707}.RelWithDebInfo|x64.ActiveCfg = RelWithDebInfo|x64
		{EE6349A7-4FFF-332E-819C-D63C1F0EC707}.RelWithDebInfo|x64.Build.0 = RelWithDebInfo|x64
		{4ADF1EC9-576C-36E6-9E03-4674E9549581}.Debug|x64.ActiveCfg = Debug|x64
		{4ADF1EC9-576C-36E6-9E03-4674E9549581}.Debug|x64.Build.0 = Debug|x64
		{4ADF1EC9-576C-36E6-9E03-4674E9549581}.Release|x64.ActiveCfg = Release|x64
		{4ADF1EC9-576C-36E6-9E03-4674E9549581}.Release|x64.Build.0 = Release|x64
		{4ADF1EC9-576C-36E6-9E03-4674E9549581}.MinSizeRel|x64.ActiveCfg = MinSizeRel|x64
		{4ADF1EC9-576C-36E6-9E03-4674E9549581}.MinSizeRel|x64.Build.0 = MinSizeRel|x64
		{4ADF1EC9-576C-36E6-9E03-4674E9549581}.RelWithDebInfo|x64.ActiveCfg = RelWithDebInfo|x64
		{4ADF1EC9-576C-36E6-9E03-4674E9549581}.RelWithDebInfo|x64.Build.0 = RelWithDebInfo|x64
		{706D0B4B-4C28-3D17-84F0-68015A553958}.Debug|x64.ActiveCfg = Debug|x64
		{706D0B4B-4C28-3D17-84F0-68015A553958}.Debug|x64.Build.0 = Debug|x64
		{706D0B4B-4C28-3D17-84F0-68015A553958}.Release|x64.ActiveCfg = Release|x64
		{706D0B4B-4C28-3D17-84F0-68015A553958}.Release|x64.Build.0 = Release|x64
		{706D0B4B-4C28-3D17-84F0-68015A553958}.MinSizeRel|x64.ActiveCfg = MinSizeRel|x64
		{706D0B4B-4C28-3D17-84F0-68015A553958}.MinSizeRel|x64.Build.0 = MinSizeRel|x64
		{706D0B4B-4C28-3D17-84F0-68015A553958}.RelWithDebInfo|x64.ActiveCfg = RelWithDebInfo|x64
		{706D0B4B-4C28-3D17-84F0-68015A553958}.RelWithDebInfo|x64.Build.0 = RelWithDebInfo|x64
		{2AB3D6E2-72F0-3D26-BD3C-EBD5460F190A}.Debug|x64.ActiveCfg = Debug|x64
		{2AB3D6E2-72F0-3D26-BD3C-EBD5460F190A}.Debug|x64.Build.0 = Debug|x64
		{2AB3D6E2-72F0-3D26-BD3C-EBD5460F190A}.Release|x64.ActiveCfg = Release|x64
		{2AB3D6E2-72F0-3D26-BD3C-EBD5460F190A}.Release|x64.Build.0 = Release|x64
		{2AB3D6E2-72F0-3D26-BD3C-EBD5460F190A}.MinSizeRel|x64.ActiveCfg = MinSizeRel|x64
		{2AB3D6E2-72F0-3D26-BD3C-EBD5460F190A}.MinSizeRel|x64.Build.0 = MinSizeRel|x64
		{2AB3D6E2-72F0-3D26-BD3C-EBD5460F190A}.RelWithDebInfo|x64.ActiveCfg = RelWithDebInfo|x64
		{2AB3D6E2-72F0-3D26-BD3C-EBD5460F190A}.RelWithDebInfo|x64.Build.0 = RelWithDebInfo|x64
		{536935CF-7235-3AED-A625-61C29327F97E}.Debug|x64.ActiveCfg = Debug|x64
		{536935CF-7235-3AED-A625-61C29327F97E}.Debug|x64.Build.0 = Debug|x64
		{536935CF-7235-3AED-A625-61C29327F97E}.Release|x64.ActiveCfg = Release|x64
		{536935CF-7235-3AED-A625-61C29327F97E}.Release|x64.Build.0 = Release|x64
		{536935CF-7235-3AED-A625-61C29327F97E}.MinSizeRel|x64.ActiveCfg = MinSizeRel|x64
		{536935CF-7235-3AED-A625-61C29327F97E}.MinSizeRel|x64.Build.0 = MinSizeRel|x64
		{536935CF-7235-3AED-A625-61C29327F97E}.RelWithDebInfo|x64.ActiveCfg = RelWithDebInfo|x64
		{536935CF-7235-3AED-A625-61C29327F97E}.RelWithDebInfo|x64.Build.0 = RelWithDebInfo|x64
		{4FF8BD95-C183-30AE-9BE0-63AF29871C17}.Debug|x64.ActiveCfg = Debug|x64
		{4FF8BD95-C183-30AE-9BE0-63AF29871C17}.Debug|x64.Build.0 = Debug|x64
		{4FF8BD95-C183-30AE-9BE0-63AF29871C17}.Release|x64.ActiveCfg = Release|x64
		{4FF8BD95-C183-30AE-9BE0-63AF29871C17}.Release|x64.Build.0 = Release|x64
		{4FF8BD95-C183-30AE-9BE0-63AF29871C17}.MinSizeRel|x64.ActiveCfg = MinSizeRel|x64
		{4FF8BD95-C183-30AE-9BE0-63AF29871C17}.MinSizeRel|x64.Build.0 = MinSizeRel|x64
		{4FF8BD95-C183-30AE-9BE0-63AF29871C17}.RelWithDebInfo|x64.ActiveCfg = RelWithDebInfo|x64
		{4FF8BD95-C183-30AE-9BE0-63AF29871C17}.RelWithDebInfo|x64.Build.0 = RelWithDebInfo|x64
		{FBAAFF73-FF23-3462-8681-9B01405172BE}.Debug|x64.ActiveCfg = Debug|x64
		{FBAAFF73-FF23-3462-8681-9B01405172BE}.Debug|x64.Build.0 = Debug|x64
		{FBAAFF73-FF23-3462-8681-9B01405172BE}.Release|x64.ActiveCfg = Release|x64
		{FBAAFF73-FF23-3462-8681-9B01405172BE}.Release|x64.Build.0 = Release|x64
		{FBAAFF73-FF23-3462-8681-9B01405172BE}.MinSizeRel|x64.ActiveCfg = MinSizeRel|x64
		{FBAAFF73-FF23-3462-8681-9B01405172BE}.MinSizeRel|x64.Build.0 = MinSizeRel|x64
		{FBAAFF73-FF23-3462-8681-9B01405172BE}.RelWithDebInfo|x64.ActiveCfg = RelWithDebInfo|x64
		{FBAAFF73-FF23-3462-8681-9B01405172BE}.RelWithDebInfo|x64.Build.0 = RelWithDebInfo|x64
		{5C1DFBE0-EE0C-33E5-B370-ECBD01933597}.Debug|x64.ActiveCfg = Debug|x64
		{5C1DFBE0-EE0C-33E5-B370-ECBD01933597}.Debug|x64.Build.0 = Debug|x64
		{5C1DFBE0-EE0C-33E5-B370-ECBD01933597}.Release|x64.ActiveCfg = Release|x64
		{5C1DFBE0-EE0C-33E5-B370-ECBD01933597}.Release|x64.Build.0 = Release|x64
		{5C1DFBE0-EE0C-33E5-B370-ECBD01933597}.MinSizeRel|x64.ActiveCfg = MinSizeRel|x64
		{5C1DFBE0-EE0C-33E5-B370-ECBD01933597}.MinSizeRel|x64.Build.0 = MinSizeRel|x64
		{5C1DFBE0-EE0C-33E5-B370-ECBD01933597}.RelWithDebInfo|x64.ActiveCfg = RelWithDebInfo|x64
		{5C1DFBE0-EE0C-33E5-B370-ECBD01933597}.RelWithDebInfo|x64.Build.0 = RelWithDebInfo|x64
		{ED1B8D07-7ACB-3BB5-B6FE-2D8EC6CC55BE}.Debug|x64.ActiveCfg = Debug|x64
		{ED1B8D07-7ACB-3BB5-B6FE-2D8EC6CC55BE}.Debug|x64.Build.0 = Debug|x64
		{ED1B8D07-7ACB-3BB5-B6FE-2D8EC6CC55BE}.Release|x64.ActiveCfg = Release|x64
		{ED1B8D07-7ACB-3BB5-B6FE-2D8EC6CC55BE}.Release|x64.Build.0 = Release|x64
		{ED1B8D07-7ACB-3BB5-B6FE-2D8EC6CC55BE}.MinSizeRel|x64.ActiveCfg = MinSizeRel|x64
		{ED1B8D07-7ACB-3BB5-B6FE-2D8EC6CC55BE}.MinSizeRel|x64.Build.0 = MinSizeRel|x64
		{ED1B8D07-7ACB-3BB5-B6FE-2D8EC6CC55BE}.RelWithDebInfo|x64.ActiveCfg = RelWithDebInfo|x64
		{ED1B8D07-7ACB-3BB5-B6FE-2D8EC6CC55BE}.RelWithDebInfo|x64.Build.0 = RelWithDebInfo|x64
		{B954A14A-59B2-36B7-965A-8054888CB4CC}.Debug|x64.ActiveCfg = Debug|x64
		{B954A14A-59B2-36B7-965A-8054888CB4CC}.Debug|x64.Build.0 = Debug|x64
		{B954A14A-59B2-36B7-965A-8054888CB4CC}.Release|x64.ActiveCfg = Release|x64
		{B954A14A-59B2-36B7-965A-8054888CB4CC}.Release|x64.Build.0 = Release|x64
		{B954A14A-59B2-36B7-965A-8054888CB4CC}.MinSizeRel|x64.ActiveCfg = MinSizeRel|x64
		{B954A14A-59B2-36B7-965A-8054888CB4CC}.MinSizeRel|x64.Build.0 = MinSizeRel|x64
		{B954A14A-59B2-36B7-965A-8054888CB4CC}.RelWithDebInfo|x64.ActiveCfg = RelWithDebInfo|x64
		{B954A14A-59B2-36B7-965A-8054888CB4CC}.RelWithDebInfo|x64.Build.0 = RelWithDebInfo|x64
		{1418FE5C-C2DB-3828-848A-949CBCE1FA79}.Debug|x64.ActiveCfg = Debug|x64
		{1418FE5C-C2DB-3828-848A-949CBCE1FA79}.Release|x64.ActiveCfg = Release|x64
		{1418FE5C-C2DB-3828-848A-949CBCE1FA79}.MinSizeRel|x64.ActiveCfg = MinSizeRel|x64
		{1418FE5C-C2DB-3828-848A-949CBCE1FA79}.RelWithDebInfo|x64.ActiveCfg = RelWithDebInfo|x64
		{D22409EA-8D54-3EDF-97E3-D9A02233A0FF}.Debug|x64.ActiveCfg = Debug|x64
		{D22409EA-8D54-3EDF-97E3-D9A02233A0FF}.Debug|x64.Build.0 = Debug|x64
		{D22409EA-8D54-3EDF-97E3-D9A02233A0FF}.Release|x64.ActiveCfg = Release|x64
		{D22409EA-8D54-3EDF-97E3-D9A02233A0FF}.Release|x64.Build.0 = Release|x64
		{D22409EA-8D54-3EDF-97E3-D9A02233A0FF}.MinSizeRel|x64.ActiveCfg = MinSizeRel|x64
		{D22409EA-8D54-3EDF-97E3-D9A02233A0FF}.MinSizeRel|x64.Build.0 = MinSizeRel|x64
		{D22409EA-8D54-3EDF-97E3-D9A02233A0FF}.RelWithDebInfo|x64.ActiveCfg = RelWithDebInfo|x64
		{D22409EA-8D54-3EDF-97E3-D9A02233A0FF}.RelWithDebInfo|x64.Build.0 = RelWithDebInfo|x64
		{27A7120E-3A58-3B69-ADE3-F434DDC92674}.Debug|x64.ActiveCfg = Debug|x64
		{27A7120E-3A58-3B69-ADE3-F434DDC92674}.Debug|x64.Build.0 = Debug|x64
		{27A7120E-3A58-3B69-ADE3-F434DDC92674}.Release|x64.ActiveCfg = Release|x64
		{27A7120E-3A58-3B69-ADE3-F434DDC92674}.Release|x64.Build.0 = Release|x64
		{27A7120E-3A58-3B69-ADE3-F434DDC92674}.MinSizeRel|x64.ActiveCfg = MinSizeRel|x64
		{27A7120E-3A58-3B69-ADE3-F434DDC92674}.MinSizeRel|x64.Build.0 = MinSizeRel|x64
		{27A7120E-3A58-3B69-ADE3-F434DDC92674}.RelWithDebInfo|x64.ActiveCfg = RelWithDebInfo|x64
		{27A7120E-3A58-3B69-ADE3-F434DDC92674}.RelWithDebInfo|x64.Build.0 = RelWithDebInfo|x64
		{183F4870-632F-31B8-9C9C-1FFA87319D1B}.Debug|x64.ActiveCfg = Debug|x64
		{183F4870-632F-31B8-9C9C-1FFA87319D1B}.Debug|x64.Build.0 = Debug|x64
		{183F4870-632F-31B8-9C9C-1FFA87319D1B}.Release|x64.ActiveCfg = Release|x64
		{183F4870-632F-31B8-9C9C-1FFA87319D1B}.Release|x64.Build.0 = Release|x64
		{183F4870-632F-31B8-9C9C-1FFA87319D1B}.MinSizeRel|x64.ActiveCfg = MinSizeRel|x64
		{183F4870-632F-31B8-9C9C-1FFA87319D1B}.MinSizeRel|x64.Build.0 = MinSizeRel|x64
		{183F4870-632F-31B8-9C9C-1FFA87319D1B}.RelWithDebInfo|x64.ActiveCfg = RelWithDebInfo|x64
		{183F4870-632F-31B8-9C9C-1FFA87319D1B}.RelWithDebInfo|x64.Build.0 = RelWithDebInfo|x64
	EndGlobalSection
	GlobalSection(NestedProjects) = preSolution
		{9515440E-2248-3125-A765-16BD203D7AE3} = {7BF9A0BC-C1B4-3638-AFEF-774EE077F627}
		{D59D8BD9-FB11-3136-B2BF-1DCB95BB8159} = {7BF9A0BC-C1B4-3638-AFEF-774EE077F627}
		{D981AB59-7EC3-3458-A12D-58939153C761} = {7BF9A0BC-C1B4-3638-AFEF-774EE077F627}
		{9D5F650E-06FF-3866-A122-ABBD7C625C56} = {043C65E2-123C-31A9-A271-80A870C65B03}
		{4477F4C9-D4C4-3841-BCD4-DF32AA6B4A42} = {043C65E2-123C-31A9-A271-80A870C65B03}
		{AF2A7800-A4A6-3426-BDBB-6970506AAFF9} = {043C65E2-123C-31A9-A271-80A870C65B03}
		{1418FE5C-C2DB-3828-848A-949CBCE1FA79} = {043C65E2-123C-31A9-A271-80A870C65B03}
		{7F79D249-59D0-3468-AE67-733B9AFB84E2} = {9D5F650E-06FF-3866-A122-ABBD7C625C56}
		{1D634E55-6D71-3EA2-83A5-5B88086C4ACF} = {9D5F650E-06FF-3866-A122-ABBD7C625C56}
		{316C9FF2-BB1F-31D8-AB65-E94C7B57984D} = {9D5F650E-06FF-3866-A122-ABBD7C625C56}
		{12AAC5F8-B867-3552-B096-9623369CBC3D} = {9D5F650E-06FF-3866-A122-ABBD7C625C56}
		{4ADF1EC9-576C-36E6-9E03-4674E9549581} = {9D5F650E-06FF-3866-A122-ABBD7C625C56}
		{2AB3D6E2-72F0-3D26-BD3C-EBD5460F190A} = {9D5F650E-06FF-3866-A122-ABBD7C625C56}
		{536935CF-7235-3AED-A625-61C29327F97E} = {9D5F650E-06FF-3866-A122-ABBD7C625C56}
		{4FF8BD95-C183-30AE-9BE0-63AF29871C17} = {9D5F650E-06FF-3866-A122-ABBD7C625C56}
		{27A7120E-3A58-3B69-ADE3-F434DDC92674} = {9D5F650E-06FF-3866-A122-ABBD7C625C56}
		{5F088D41-72BA-3D11-AB49-4D12AE869696} = {4477F4C9-D4C4-3841-BCD4-DF32AA6B4A42}
		{78BB13DE-EDE9-3773-B4A7-AB99B40BFD57} = {4477F4C9-D4C4-3841-BCD4-DF32AA6B4A42}
		{E020EBF0-B71C-3AB9-A368-1729B162FD5C} = {4477F4C9-D4C4-3841-BCD4-DF32AA6B4A42}
		{B3C736D3-F439-390C-8D63-A4B179ACF760} = {4477F4C9-D4C4-3841-BCD4-DF32AA6B4A42}
		{F65A1BB0-944A-3B30-BC71-0A6F1E8CA474} = {4477F4C9-D4C4-3841-BCD4-DF32AA6B4A42}
		{696EE8AA-20D6-3117-82E4-6F5014D843D4} = {4477F4C9-D4C4-3841-BCD4-DF32AA6B4A42}
		{F488D93B-E38C-3B41-A207-1D9BC7B4092B} = {4477F4C9-D4C4-3841-BCD4-DF32AA6B4A42}
		{04F434F5-CECB-3408-9AB5-55320974B3F4} = {4477F4C9-D4C4-3841-BCD4-DF32AA6B4A42}
		{E6E2AA5A-01BA-3C5C-835C-1420C0B2B499} = {4477F4C9-D4C4-3841-BCD4-DF32AA6B4A42}
		{CCD08767-873A-375D-A6C5-5ECCC789302A} = {4477F4C9-D4C4-3841-BCD4-DF32AA6B4A42}
		{413AA5B7-AACC-3C16-AC43-8B9FBF73D834} = {4477F4C9-D4C4-3841-BCD4-DF32AA6B4A42}
		{867A157F-4BCB-3F6E-AD69-FF044C358905} = {4477F4C9-D4C4-3841-BCD4-DF32AA6B4A42}
		{EE6349A7-4FFF-332E-819C-D63C1F0EC707} = {4477F4C9-D4C4-3841-BCD4-DF32AA6B4A42}
		{706D0B4B-4C28-3D17-84F0-68015A553958} = {4477F4C9-D4C4-3841-BCD4-DF32AA6B4A42}
		{FBAAFF73-FF23-3462-8681-9B01405172BE} = {4477F4C9-D4C4-3841-BCD4-DF32AA6B4A42}
		{5C1DFBE0-EE0C-33E5-B370-ECBD01933597} = {4477F4C9-D4C4-3841-BCD4-DF32AA6B4A42}
		{ED1B8D07-7ACB-3BB5-B6FE-2D8EC6CC55BE} = {4477F4C9-D4C4-3841-BCD4-DF32AA6B4A42}
		{B954A14A-59B2-36B7-965A-8054888CB4CC} = {4477F4C9-D4C4-3841-BCD4-DF32AA6B4A42}
		{D22409EA-8D54-3EDF-97E3-D9A02233A0FF} = {4477F4C9-D4C4-3841-BCD4-DF32AA6B4A42}
		{183F4870-632F-31B8-9C9C-1FFA87319D1B} = {4477F4C9-D4C4-3841-BCD4-DF32AA6B4A42}
	EndGlobalSection
	GlobalSection(ExtensibilityGlobals) = postSolution
		SolutionGuid = {34BFE489-D83F-3708-BCB3-6C43EC492D29}
	EndGlobalSection
	GlobalSection(ExtensibilityAddIns) = postSolution
	EndGlobalSection
EndGlobal
