Microsoft Visual Studio Solution File, Format Version 12.00
# Visual Studio 16
Project("{8BC9CEB8-8B4A-11D0-8D11-00A0C91BC942}") = "ALL_BUILD", "ALL_BUILD.vcxproj", "{8E3F601F-52D7-3676-B259-C2CBD81DA532}"
	ProjectSection(ProjectDependencies) = postProject
		{30EA3755-ABD3-3E3D-8726-91A73D4A1BE3} = {30EA3755-ABD3-3E3D-8726-91A73D4A1BE3}
		{A8B62B49-CCEB-3551-B942-9F7B2A43BF68} = {A8B62B49-CCEB-3551-B942-9F7B2A43BF68}
	EndProjectSection
EndProject
Project("{8BC9CEB8-8B4A-11D0-8D11-00A0C91BC942}") = "Coldgaze", "src\Coldgaze.vcxproj", "{30EA3755-ABD3-3E3D-8726-91A73D4A1BE3}"
	ProjectSection(ProjectDependencies) = postProject
		{A8B62B49-CCEB-3551-B942-9F7B2A43BF68} = {A8B62B49-CCEB-3551-B942-9F7B2A43BF68}
	EndProjectSection
EndProject
Project("{8BC9CEB8-8B4A-11D0-8D11-00A0C91BC942}") = "ZERO_CHECK", "ZERO_CHECK.vcxproj", "{A8B62B49-CCEB-3551-B942-9F7B2A43BF68}"
	ProjectSection(ProjectDependencies) = postProject
	EndProjectSection
EndProject
Global
	GlobalSection(SolutionConfigurationPlatforms) = preSolution
		Debug|x64 = Debug|x64
		Release|x64 = Release|x64
		MinSizeRel|x64 = MinSizeRel|x64
		RelWithDebInfo|x64 = RelWithDebInfo|x64
	EndGlobalSection
	GlobalSection(ProjectConfigurationPlatforms) = postSolution
		{8E3F601F-52D7-3676-B259-C2CBD81DA532}.Debug|x64.ActiveCfg = Debug|x64
		{8E3F601F-52D7-3676-B259-C2CBD81DA532}.Release|x64.ActiveCfg = Release|x64
		{8E3F601F-52D7-3676-B259-C2CBD81DA532}.MinSizeRel|x64.ActiveCfg = MinSizeRel|x64
		{8E3F601F-52D7-3676-B259-C2CBD81DA532}.RelWithDebInfo|x64.ActiveCfg = RelWithDebInfo|x64
		{30EA3755-ABD3-3E3D-8726-91A73D4A1BE3}.Debug|x64.ActiveCfg = Debug|x64
		{30EA3755-ABD3-3E3D-8726-91A73D4A1BE3}.Debug|x64.Build.0 = Debug|x64
		{30EA3755-ABD3-3E3D-8726-91A73D4A1BE3}.Release|x64.ActiveCfg = Release|x64
		{30EA3755-ABD3-3E3D-8726-91A73D4A1BE3}.Release|x64.Build.0 = Release|x64
		{30EA3755-ABD3-3E3D-8726-91A73D4A1BE3}.MinSizeRel|x64.ActiveCfg = MinSizeRel|x64
		{30EA3755-ABD3-3E3D-8726-91A73D4A1BE3}.MinSizeRel|x64.Build.0 = MinSizeRel|x64
		{30EA3755-ABD3-3E3D-8726-91A73D4A1BE3}.RelWithDebInfo|x64.ActiveCfg = RelWithDebInfo|x64
		{30EA3755-ABD3-3E3D-8726-91A73D4A1BE3}.RelWithDebInfo|x64.Build.0 = RelWithDebInfo|x64
		{A8B62B49-CCEB-3551-B942-9F7B2A43BF68}.Debug|x64.ActiveCfg = Debug|x64
		{A8B62B49-CCEB-3551-B942-9F7B2A43BF68}.Debug|x64.Build.0 = Debug|x64
		{A8B62B49-CCEB-3551-B942-9F7B2A43BF68}.Release|x64.ActiveCfg = Release|x64
		{A8B62B49-CCEB-3551-B942-9F7B2A43BF68}.Release|x64.Build.0 = Release|x64
		{A8B62B49-CCEB-3551-B942-9F7B2A43BF68}.MinSizeRel|x64.ActiveCfg = MinSizeRel|x64
		{A8B62B49-CCEB-3551-B942-9F7B2A43BF68}.MinSizeRel|x64.Build.0 = MinSizeRel|x64
		{A8B62B49-CCEB-3551-B942-9F7B2A43BF68}.RelWithDebInfo|x64.ActiveCfg = RelWithDebInfo|x64
		{A8B62B49-CCEB-3551-B942-9F7B2A43BF68}.RelWithDebInfo|x64.Build.0 = RelWithDebInfo|x64
	EndGlobalSection
	GlobalSection(ExtensibilityGlobals) = postSolution
		SolutionGuid = {AE9AEE75-AD55-34E9-ABA6-CA96F3E75F12}
	EndGlobalSection
	GlobalSection(ExtensibilityAddIns) = postSolution
	EndGlobalSection
EndGlobal
